
Microsoft Visual Studio Solution File, Format Version 12.00
# Visual Studio Version 17
VisualStudioVersion = 17.0.32014.148
MinimumVisualStudioVersion = 10.0.40219.1
Project("{FAE04EC0-301F-11D3-BF4B-00C04F79EFBC}") = "ProfessionalLesson12Task1", "ProfessionalLesson12Task1\ProfessionalLesson12Task1.csproj", "{248AC47C-2931-4EBF-88BF-44603A76D7C7}"
EndProject
Project("{FAE04EC0-301F-11D3-BF4B-00C04F79EFBC}") = "ProfessionalLesson12Task2", "ProfessionalLesson12Task2\ProfessionalLesson12Task2.csproj", "{B39AC6F9-2CC5-442E-800C-49257145A633}"
EndProject
Project("{FAE04EC0-301F-11D3-BF4B-00C04F79EFBC}") = "ProfessionalLesson12Task3", "ProfessionalLesson12Task3\ProfessionalLesson12Task3.csproj", "{4066DB96-0A89-4EFA-AAB4-CAFAEC8F6E3C}"
EndProject
Global
	GlobalSection(SolutionConfigurationPlatforms) = preSolution
		Debug|Any CPU = Debug|Any CPU
		Release|Any CPU = Release|Any CPU
	EndGlobalSection
	GlobalSection(ProjectConfigurationPlatforms) = postSolution
		{248AC47C-2931-4EBF-88BF-44603A76D7C7}.Debug|Any CPU.ActiveCfg = Debug|Any CPU
		{248AC47C-2931-4EBF-88BF-44603A76D7C7}.Debug|Any CPU.Build.0 = Debug|Any CPU
		{248AC47C-2931-4EBF-88BF-44603A76D7C7}.Release|Any CPU.ActiveCfg = Release|Any CPU
		{248AC47C-2931-4EBF-88BF-44603A76D7C7}.Release|Any CPU.Build.0 = Release|Any CPU
		{B39AC6F9-2CC5-442E-800C-49257145A633}.Debug|Any CPU.ActiveCfg = Debug|Any CPU
		{B39AC6F9-2CC5-442E-800C-49257145A633}.Debug|Any CPU.Build.0 = Debug|Any CPU
		{B39AC6F9-2CC5-442E-800C-49257145A633}.Release|Any CPU.ActiveCfg = Release|Any CPU
		{B39AC6F9-2CC5-442E-800C-49257145A633}.Release|Any CPU.Build.0 = Release|Any CPU
		{4066DB96-0A89-4EFA-AAB4-CAFAEC8F6E3C}.Debug|Any CPU.ActiveCfg = Debug|Any CPU
		{4066DB96-0A89-4EFA-AAB4-CAFAEC8F6E3C}.Debug|Any CPU.Build.0 = Debug|Any CPU
		{4066DB96-0A89-4EFA-AAB4-CAFAEC8F6E3C}.Release|Any CPU.ActiveCfg = Release|Any CPU
		{4066DB96-0A89-4EFA-AAB4-CAFAEC8F6E3C}.Release|Any CPU.Build.0 = Release|Any CPU
	EndGlobalSection
	GlobalSection(SolutionProperties) = preSolution
		HideSolutionNode = FALSE
	EndGlobalSection
	GlobalSection(ExtensibilityGlobals) = postSolution
		SolutionGuid = {8C21A790-E74B-492D-A7C6-C6265E0DB156}
	EndGlobalSection
EndGlobal
